
Microsoft Visual Studio Solution File, Format Version 12.00
# Visual Studio Version 16
VisualStudioVersion = 16.0.31410.357
MinimumVisualStudioVersion = 10.0.40219.1
Project("{FAE04EC0-301F-11D3-BF4B-00C04F79EFBC}") = "Client_Tracker", "Client_Tracker.csproj", "{282206D3-94B7-40E4-8298-84FEACA165D5}"
EndProject
Global
	GlobalSection(SolutionConfigurationPlatforms) = preSolution
		Debug|Any CPU = Debug|Any CPU
		Release|Any CPU = Release|Any CPU
	EndGlobalSection
	GlobalSection(ProjectConfigurationPlatforms) = postSolution
		{282206D3-94B7-40E4-8298-84FEACA165D5}.Debug|Any CPU.ActiveCfg = Debug|Any CPU
		{282206D3-94B7-40E4-8298-84FEACA165D5}.Debug|Any CPU.Build.0 = Debug|Any CPU
		{282206D3-94B7-40E4-8298-84FEACA165D5}.Release|Any CPU.ActiveCfg = Release|Any CPU
		{282206D3-94B7-40E4-8298-84FEACA165D5}.Release|Any CPU.Build.0 = Release|Any CPU
	EndGlobalSection
	GlobalSection(SolutionProperties) = preSolution
		HideSolutionNode = FALSE
	EndGlobalSection
	GlobalSection(ExtensibilityGlobals) = postSolution
		SolutionGuid = {ABD38B23-0A56-441F-B640-11512BF7F561}
	EndGlobalSection
EndGlobal
